
Microsoft Visual Studio Solution File, Format Version 12.00
# Visual Studio Version 17
VisualStudioVersion = 17.13.35825.156
MinimumVisualStudioVersion = 10.0.40219.1
Project("{FAE04EC0-301F-11D3-BF4B-00C04F79EFBC}") = "NEO_ACT_Plugin", "NEO_ACT_Plugin.csproj", "{6FC0C13A-B517-43C9-BA49-6E95C09FC45B}"
EndProject
Global
	GlobalSection(SolutionConfigurationPlatforms) = preSolution
		Debug|Any CPU = Debug|Any CPU
		Release|Any CPU = Release|Any CPU
	EndGlobalSection
	GlobalSection(ProjectConfigurationPlatforms) = postSolution
		{6FC0C13A-B517-43C9-BA49-6E95C09FC45B}.Debug|Any CPU.ActiveCfg = Debug|Any CPU
		{6FC0C13A-B517-43C9-BA49-6E95C09FC45B}.Debug|Any CPU.Build.0 = Debug|Any CPU
		{6FC0C13A-B517-43C9-BA49-6E95C09FC45B}.Release|Any CPU.ActiveCfg = Release|Any CPU
		{6FC0C13A-B517-43C9-BA49-6E95C09FC45B}.Release|Any CPU.Build.0 = Release|Any CPU
	EndGlobalSection
	GlobalSection(SolutionProperties) = preSolution
		HideSolutionNode = FALSE
	EndGlobalSection
	GlobalSection(ExtensibilityGlobals) = postSolution
		SolutionGuid = {8269D69A-30C7-4ACE-880F-FABCA288CF7E}
	EndGlobalSection
EndGlobal
