Microsoft Visual Studio Solution File, Format Version 12.00
# Visual Studio Version 17
VisualStudioVersion = 17.13.35825.156
MinimumVisualStudioVersion = 10.0.40219.1
Project("{FAE04EC0-301F-11D3-BF4B-00C04F79EFBC}") = "NeoActPlugin", "NeoActPlugin\NeoActPlugin.csproj", "{47A35B8B-4285-4651-AC11-2D05756E2BEE}"
EndProject
Project("{FAE04EC0-301F-11D3-BF4B-00C04F79EFBC}") = "NeoActPlugin.Test", "NeoActPlugin.Test\NeoActPlugin.Test.csproj", "{A684922D-55D4-4094-96A4-D30AC92071BD}"
EndProject
Project("{FAE04EC0-301F-11D3-BF4B-00C04F79EFBC}") = "NeoActPlugin.Updater", "NeoActPlugin.Updater\NeoActPlugin.Updater.csproj", "{EB4B99E9-B101-427F-94A6-84F8A9500685}"
EndProject
Project("{FAE04EC0-301F-11D3-BF4B-00C04F79EFBC}") = "NeoActPlugin.Common", "NeoActPlugin.Common\NeoActPlugin.Common.csproj", "{D01B65AE-BFDB-4245-8598-6A1CB71BC891}"
EndProject
Global
	GlobalSection(SolutionConfigurationPlatforms) = preSolution
		Debug|Any CPU = Debug|Any CPU
		Debug|x64 = Debug|x64
		Debug|x86 = Debug|x86
		Release|Any CPU = Release|Any CPU
		Release|x64 = Release|x64
		Release|x86 = Release|x86
	EndGlobalSection
	GlobalSection(ProjectConfigurationPlatforms) = postSolution
		{47A35B8B-4285-4651-AC11-2D05756E2BEE}.Debug|Any CPU.ActiveCfg = Debug|x86
		{47A35B8B-4285-4651-AC11-2D05756E2BEE}.Debug|x64.ActiveCfg = Debug|x64
		{47A35B8B-4285-4651-AC11-2D05756E2BEE}.Debug|x64.Build.0 = Debug|x64
		{47A35B8B-4285-4651-AC11-2D05756E2BEE}.Debug|x86.ActiveCfg = Debug|x86
		{47A35B8B-4285-4651-AC11-2D05756E2BEE}.Debug|x86.Build.0 = Debug|x86
		{47A35B8B-4285-4651-AC11-2D05756E2BEE}.Release|Any CPU.ActiveCfg = Release|x86
		{47A35B8B-4285-4651-AC11-2D05756E2BEE}.Release|x64.ActiveCfg = Release|x64
		{47A35B8B-4285-4651-AC11-2D05756E2BEE}.Release|x64.Build.0 = Release|x64
		{47A35B8B-4285-4651-AC11-2D05756E2BEE}.Release|x86.ActiveCfg = Release|x86
		{A684922D-55D4-4094-96A4-D30AC92071BD}.Debug|Any CPU.ActiveCfg = Debug|x86
		{A684922D-55D4-4094-96A4-D30AC92071BD}.Debug|x64.ActiveCfg = Debug|x64
		{A684922D-55D4-4094-96A4-D30AC92071BD}.Debug|x64.Build.0 = Debug|x64
		{A684922D-55D4-4094-96A4-D30AC92071BD}.Debug|x86.ActiveCfg = Debug|x86
		{A684922D-55D4-4094-96A4-D30AC92071BD}.Debug|x86.Build.0 = Debug|x86
		{A684922D-55D4-4094-96A4-D30AC92071BD}.Release|Any CPU.ActiveCfg = Release|x86
		{A684922D-55D4-4094-96A4-D30AC92071BD}.Release|x64.ActiveCfg = Release|x64
		{A684922D-55D4-4094-96A4-D30AC92071BD}.Release|x64.Build.0 = Release|x64
		{A684922D-55D4-4094-96A4-D30AC92071BD}.Release|x86.ActiveCfg = Release|x86
		{EB4B99E9-B101-427F-94A6-84F8A9500685}.Debug|Any CPU.ActiveCfg = Debug|x86
		{EB4B99E9-B101-427F-94A6-84F8A9500685}.Debug|x64.ActiveCfg = Debug|x64
		{EB4B99E9-B101-427F-94A6-84F8A9500685}.Debug|x64.Build.0 = Debug|x64
		{EB4B99E9-B101-427F-94A6-84F8A9500685}.Debug|x86.ActiveCfg = Debug|x86
		{EB4B99E9-B101-427F-94A6-84F8A9500685}.Debug|x86.Build.0 = Debug|x86
		{EB4B99E9-B101-427F-94A6-84F8A9500685}.Release|Any CPU.ActiveCfg = Release|x86
		{EB4B99E9-B101-427F-94A6-84F8A9500685}.Release|x64.ActiveCfg = Release|x64
		{EB4B99E9-B101-427F-94A6-84F8A9500685}.Release|x64.Build.0 = Release|x64
		{EB4B99E9-B101-427F-94A6-84F8A9500685}.Release|x86.ActiveCfg = Release|x86
		{D01B65AE-BFDB-4245-8598-6A1CB71BC891}.Debug|Any CPU.ActiveCfg = Debug|x86
		{D01B65AE-BFDB-4245-8598-6A1CB71BC891}.Debug|x64.ActiveCfg = Debug|x64
		{D01B65AE-BFDB-4245-8598-6A1CB71BC891}.Debug|x64.Build.0 = Debug|x64
		{D01B65AE-BFDB-4245-8598-6A1CB71BC891}.Debug|x86.ActiveCfg = Debug|x86
		{D01B65AE-BFDB-4245-8598-6A1CB71BC891}.Debug|x86.Build.0 = Debug|x86
		{D01B65AE-BFDB-4245-8598-6A1CB71BC891}.Release|Any CPU.ActiveCfg = Release|x86
		{D01B65AE-BFDB-4245-8598-6A1CB71BC891}.Release|x64.ActiveCfg = Release|x64
		{D01B65AE-BFDB-4245-8598-6A1CB71BC891}.Release|x64.Build.0 = Release|x64
		{D01B65AE-BFDB-4245-8598-6A1CB71BC891}.Release|x86.ActiveCfg = Release|x86
	EndGlobalSection
	GlobalSection(SolutionProperties) = preSolution
		HideSolutionNode = FALSE
	EndGlobalSection
	GlobalSection(ExtensibilityGlobals) = postSolution
		SolutionGuid = {7943FFA0-56C4-4F9D-B607-2E98D0F57ED0}
	EndGlobalSection
EndGlobal
